
Microsoft Visual Studio Solution File, Format Version 12.00
# Visual Studio Version 17
VisualStudioVersion = 17.0.31903.59
MinimumVisualStudioVersion = 10.0.40219.1
Project("{2150E333-8FDC-42A3-9474-1A3956D46DE8}") = "TGP.Microservices.DeviceGateway", "TGP.Microservices.DeviceGateway", "{6A34B47C-8949-D757-0BFD-6F045E274AA0}"
EndProject
Project("{2150E333-8FDC-42A3-9474-1A3956D46DE8}") = "src", "src", "{1BFE7A0A-A7FF-918B-AB40-CAC0B09D99F7}"
EndProject
Project("{FAE04EC0-301F-11D3-BF4B-00C04F79EFBC}") = "TGP.Microservices.DeviceGateway", "TGP.Microservices.DeviceGateway\src\TGP.Microservices.DeviceGateway\TGP.Microservices.DeviceGateway.csproj", "{FBDEFEB4-976C-4ECC-A686-1643CD679E4F}"
EndProject
Project("{2150E333-8FDC-42A3-9474-1A3956D46DE8}") = "TGP.Microservices.SSO", "TGP.Microservices.SSO", "{F56195D5-0657-A4D3-7939-7DC206DAF378}"
EndProject
Project("{2150E333-8FDC-42A3-9474-1A3956D46DE8}") = "src", "src", "{2D9A0CAF-FC57-AB9C-0DE5-811F3971C663}"
EndProject
Project("{FAE04EC0-301F-11D3-BF4B-00C04F79EFBC}") = "TGP.Microservices.SSO", "TGP.Microservices.SSO\src\TGP.Microservices.SSO\TGP.Microservices.SSO.csproj", "{FAA65543-5A2F-4398-B4C0-2AD4FE6BC3D8}"
EndProject
Project("{2150E333-8FDC-42A3-9474-1A3956D46DE8}") = "TGP.UserDashboard", "TGP.UserDashboard", "{0A716699-F0BA-8EBE-F322-F9843F357056}"
EndProject
Project("{2150E333-8FDC-42A3-9474-1A3956D46DE8}") = "src", "src", "{2DF3F78A-F409-38C5-D4D6-AB5757DBE16D}"
EndProject
Project("{FAE04EC0-301F-11D3-BF4B-00C04F79EFBC}") = "TGP.UserDashboard", "TGP.UserDashboard\src\TGP.UserDashboard\TGP.UserDashboard.csproj", "{AC101834-7C0A-4F3F-9029-E28207AD01A5}"
EndProject
Project("{FAE04EC0-301F-11D3-BF4B-00C04F79EFBC}") = "TGP.TestDataGenerator", "TGP.TestDataGenerator\src\TGP.TestDataGenerator\TGP.TestDataGenerator.csproj", "{5268D31D-3FE5-40B0-AFF2-DFF4EAD7CBA8}"
EndProject
Project("{2150E333-8FDC-42A3-9474-1A3956D46DE8}") = "tools", "tools", "{07C2787E-EAC7-C090-1BA3-A61EC2A24D84}"
EndProject
Project("{FAE04EC0-301F-11D3-BF4B-00C04F79EFBC}") = "RunMigration", ".kiro\tools\migration-runner\RunMigration.csproj", "{A7AA552D-F2E1-41F4-A98C-8D858B0660B2}"
EndProject
Project("{2150E333-8FDC-42A3-9474-1A3956D46DE8}") = "TGP.Windows.Client", "TGP.Windows.Client", "{92EBE985-C9FF-D6CB-C46E-1832DD40CEA9}"
EndProject
Project("{2150E333-8FDC-42A3-9474-1A3956D46DE8}") = "src", "src", "{D0849E47-4604-790C-87B4-E291B0379C80}"
EndProject
Project("{FAE04EC0-301F-11D3-BF4B-00C04F79EFBC}") = "TGP.Windows.Monitoring", "TGP.Windows.Client\src\TGP.Windows.Monitoring\TGP.Windows.Monitoring.csproj", "{088A504D-A3FB-4122-916D-7E576CFF8EFF}"
EndProject
Project("{2150E333-8FDC-42A3-9474-1A3956D46DE8}") = "TGP.Microservices.Analysis", "TGP.Microservices.Analysis", "{54FEE8B9-25C5-5173-2B93-433F23BE139B}"
EndProject
Project("{2150E333-8FDC-42A3-9474-1A3956D46DE8}") = "src", "src", "{75E15136-5922-E85E-49C6-4636E00FDBCE}"
EndProject
Project("{FAE04EC0-301F-11D3-BF4B-00C04F79EFBC}") = "TGP.Microservices.Analysis", "TGP.Microservices.Analysis\src\TGP.Microservices.Analysis\TGP.Microservices.Analysis.csproj", "{FBC86B7C-63AA-48D4-AE3D-7E07742E2FAF}"
EndProject
Project("{2150E333-8FDC-42A3-9474-1A3956D46DE8}") = "TGP.Microservices.Reporting", "TGP.Microservices.Reporting", "{AF5182FD-2F40-F316-5602-8433FA1A4899}"
EndProject
Project("{2150E333-8FDC-42A3-9474-1A3956D46DE8}") = "src", "src", "{773C1154-FC93-2ABC-AADC-A5D7068CBEEC}"
EndProject
Project("{FAE04EC0-301F-11D3-BF4B-00C04F79EFBC}") = "TGP.Microservices.Reporting", "TGP.Microservices.Reporting\src\TGP.Microservices.Reporting\TGP.Microservices.Reporting.csproj", "{6B25C424-51E3-43FC-9D13-B649F2427074}"
EndProject
Project("{2150E333-8FDC-42A3-9474-1A3956D46DE8}") = "TGP.DbMigrator", "TGP.DbMigrator", "{80E1B5D5-3C1C-045E-6299-E41D53816282}"
EndProject
Project("{2150E333-8FDC-42A3-9474-1A3956D46DE8}") = "src", "src", "{C192F896-DDF6-7872-455E-56C0A5C59CFA}"
EndProject
Project("{FAE04EC0-301F-11D3-BF4B-00C04F79EFBC}") = "TGP.DbMigrator", "TGP.DbMigrator\src\TGP.DbMigrator\TGP.DbMigrator.csproj", "{61059588-25F6-4EA0-9CB5-562A9C74D31A}"
EndProject
Global
	GlobalSection(SolutionConfigurationPlatforms) = preSolution
		Debug|Any CPU = Debug|Any CPU
		Debug|x64 = Debug|x64
		Debug|x86 = Debug|x86
		Release|Any CPU = Release|Any CPU
		Release|x64 = Release|x64
		Release|x86 = Release|x86
	EndGlobalSection
	GlobalSection(ProjectConfigurationPlatforms) = postSolution
		{FBDEFEB4-976C-4ECC-A686-1643CD679E4F}.Debug|Any CPU.ActiveCfg = Debug|Any CPU
		{FBDEFEB4-976C-4ECC-A686-1643CD679E4F}.Debug|Any CPU.Build.0 = Debug|Any CPU
		{FBDEFEB4-976C-4ECC-A686-1643CD679E4F}.Debug|x64.ActiveCfg = Debug|Any CPU
		{FBDEFEB4-976C-4ECC-A686-1643CD679E4F}.Debug|x64.Build.0 = Debug|Any CPU
		{FBDEFEB4-976C-4ECC-A686-1643CD679E4F}.Debug|x86.ActiveCfg = Debug|Any CPU
		{FBDEFEB4-976C-4ECC-A686-1643CD679E4F}.Debug|x86.Build.0 = Debug|Any CPU
		{FBDEFEB4-976C-4ECC-A686-1643CD679E4F}.Release|Any CPU.ActiveCfg = Release|Any CPU
		{FBDEFEB4-976C-4ECC-A686-1643CD679E4F}.Release|Any CPU.Build.0 = Release|Any CPU
		{FBDEFEB4-976C-4ECC-A686-1643CD679E4F}.Release|x64.ActiveCfg = Release|Any CPU
		{FBDEFEB4-976C-4ECC-A686-1643CD679E4F}.Release|x64.Build.0 = Release|Any CPU
		{FBDEFEB4-976C-4ECC-A686-1643CD679E4F}.Release|x86.ActiveCfg = Release|Any CPU
		{FBDEFEB4-976C-4ECC-A686-1643CD679E4F}.Release|x86.Build.0 = Release|Any CPU
		{FAA65543-5A2F-4398-B4C0-2AD4FE6BC3D8}.Debug|Any CPU.ActiveCfg = Debug|Any CPU
		{FAA65543-5A2F-4398-B4C0-2AD4FE6BC3D8}.Debug|Any CPU.Build.0 = Debug|Any CPU
		{FAA65543-5A2F-4398-B4C0-2AD4FE6BC3D8}.Debug|x64.ActiveCfg = Debug|Any CPU
		{FAA65543-5A2F-4398-B4C0-2AD4FE6BC3D8}.Debug|x64.Build.0 = Debug|Any CPU
		{FAA65543-5A2F-4398-B4C0-2AD4FE6BC3D8}.Debug|x86.ActiveCfg = Debug|Any CPU
		{FAA65543-5A2F-4398-B4C0-2AD4FE6BC3D8}.Debug|x86.Build.0 = Debug|Any CPU
		{FAA65543-5A2F-4398-B4C0-2AD4FE6BC3D8}.Release|Any CPU.ActiveCfg = Release|Any CPU
		{FAA65543-5A2F-4398-B4C0-2AD4FE6BC3D8}.Release|Any CPU.Build.0 = Release|Any CPU
		{FAA65543-5A2F-4398-B4C0-2AD4FE6BC3D8}.Release|x64.ActiveCfg = Release|Any CPU
		{FAA65543-5A2F-4398-B4C0-2AD4FE6BC3D8}.Release|x64.Build.0 = Release|Any CPU
		{FAA65543-5A2F-4398-B4C0-2AD4FE6BC3D8}.Release|x86.ActiveCfg = Release|Any CPU
		{FAA65543-5A2F-4398-B4C0-2AD4FE6BC3D8}.Release|x86.Build.0 = Release|Any CPU
		{AC101834-7C0A-4F3F-9029-E28207AD01A5}.Debug|Any CPU.ActiveCfg = Debug|Any CPU
		{AC101834-7C0A-4F3F-9029-E28207AD01A5}.Debug|Any CPU.Build.0 = Debug|Any CPU
		{AC101834-7C0A-4F3F-9029-E28207AD01A5}.Debug|x64.ActiveCfg = Debug|Any CPU
		{AC101834-7C0A-4F3F-9029-E28207AD01A5}.Debug|x64.Build.0 = Debug|Any CPU
		{AC101834-7C0A-4F3F-9029-E28207AD01A5}.Debug|x86.ActiveCfg = Debug|Any CPU
		{AC101834-7C0A-4F3F-9029-E28207AD01A5}.Debug|x86.Build.0 = Debug|Any CPU
		{AC101834-7C0A-4F3F-9029-E28207AD01A5}.Release|Any CPU.ActiveCfg = Release|Any CPU
		{AC101834-7C0A-4F3F-9029-E28207AD01A5}.Release|Any CPU.Build.0 = Release|Any CPU
		{AC101834-7C0A-4F3F-9029-E28207AD01A5}.Release|x64.ActiveCfg = Release|Any CPU
		{AC101834-7C0A-4F3F-9029-E28207AD01A5}.Release|x64.Build.0 = Release|Any CPU
		{AC101834-7C0A-4F3F-9029-E28207AD01A5}.Release|x86.ActiveCfg = Release|Any CPU
		{AC101834-7C0A-4F3F-9029-E28207AD01A5}.Release|x86.Build.0 = Release|Any CPU
		{5268D31D-3FE5-40B0-AFF2-DFF4EAD7CBA8}.Debug|Any CPU.ActiveCfg = Debug|Any CPU
		{5268D31D-3FE5-40B0-AFF2-DFF4EAD7CBA8}.Debug|Any CPU.Build.0 = Debug|Any CPU
		{5268D31D-3FE5-40B0-AFF2-DFF4EAD7CBA8}.Debug|x64.ActiveCfg = Debug|Any CPU
		{5268D31D-3FE5-40B0-AFF2-DFF4EAD7CBA8}.Debug|x64.Build.0 = Debug|Any CPU
		{5268D31D-3FE5-40B0-AFF2-DFF4EAD7CBA8}.Debug|x86.ActiveCfg = Debug|Any CPU
		{5268D31D-3FE5-40B0-AFF2-DFF4EAD7CBA8}.Debug|x86.Build.0 = Debug|Any CPU
		{5268D31D-3FE5-40B0-AFF2-DFF4EAD7CBA8}.Release|Any CPU.ActiveCfg = Release|Any CPU
		{5268D31D-3FE5-40B0-AFF2-DFF4EAD7CBA8}.Release|Any CPU.Build.0 = Release|Any CPU
		{5268D31D-3FE5-40B0-AFF2-DFF4EAD7CBA8}.Release|x64.ActiveCfg = Release|Any CPU
		{5268D31D-3FE5-40B0-AFF2-DFF4EAD7CBA8}.Release|x64.Build.0 = Release|Any CPU
		{5268D31D-3FE5-40B0-AFF2-DFF4EAD7CBA8}.Release|x86.ActiveCfg = Release|Any CPU
		{5268D31D-3FE5-40B0-AFF2-DFF4EAD7CBA8}.Release|x86.Build.0 = Release|Any CPU
		{A7AA552D-F2E1-41F4-A98C-8D858B0660B2}.Debug|Any CPU.ActiveCfg = Debug|Any CPU
		{A7AA552D-F2E1-41F4-A98C-8D858B0660B2}.Debug|Any CPU.Build.0 = Debug|Any CPU
		{A7AA552D-F2E1-41F4-A98C-8D858B0660B2}.Debug|x64.ActiveCfg = Debug|Any CPU
		{A7AA552D-F2E1-41F4-A98C-8D858B0660B2}.Debug|x64.Build.0 = Debug|Any CPU
		{A7AA552D-F2E1-41F4-A98C-8D858B0660B2}.Debug|x86.ActiveCfg = Debug|Any CPU
		{A7AA552D-F2E1-41F4-A98C-8D858B0660B2}.Debug|x86.Build.0 = Debug|Any CPU
		{A7AA552D-F2E1-41F4-A98C-8D858B0660B2}.Release|Any CPU.ActiveCfg = Release|Any CPU
		{A7AA552D-F2E1-41F4-A98C-8D858B0660B2}.Release|Any CPU.Build.0 = Release|Any CPU
		{A7AA552D-F2E1-41F4-A98C-8D858B0660B2}.Release|x64.ActiveCfg = Release|Any CPU
		{A7AA552D-F2E1-41F4-A98C-8D858B0660B2}.Release|x64.Build.0 = Release|Any CPU
		{A7AA552D-F2E1-41F4-A98C-8D858B0660B2}.Release|x86.ActiveCfg = Release|Any CPU
		{A7AA552D-F2E1-41F4-A98C-8D858B0660B2}.Release|x86.Build.0 = Release|Any CPU
		{088A504D-A3FB-4122-916D-7E576CFF8EFF}.Debug|Any CPU.ActiveCfg = Debug|Any CPU
		{088A504D-A3FB-4122-916D-7E576CFF8EFF}.Debug|Any CPU.Build.0 = Debug|Any CPU
		{088A504D-A3FB-4122-916D-7E576CFF8EFF}.Debug|x64.ActiveCfg = Debug|Any CPU
		{088A504D-A3FB-4122-916D-7E576CFF8EFF}.Debug|x64.Build.0 = Debug|Any CPU
		{088A504D-A3FB-4122-916D-7E576CFF8EFF}.Debug|x86.ActiveCfg = Debug|Any CPU
		{088A504D-A3FB-4122-916D-7E576CFF8EFF}.Debug|x86.Build.0 = Debug|Any CPU
		{088A504D-A3FB-4122-916D-7E576CFF8EFF}.Release|Any CPU.ActiveCfg = Release|Any CPU
		{088A504D-A3FB-4122-916D-7E576CFF8EFF}.Release|Any CPU.Build.0 = Release|Any CPU
		{088A504D-A3FB-4122-916D-7E576CFF8EFF}.Release|x64.ActiveCfg = Release|Any CPU
		{088A504D-A3FB-4122-916D-7E576CFF8EFF}.Release|x64.Build.0 = Release|Any CPU
		{088A504D-A3FB-4122-916D-7E576CFF8EFF}.Release|x86.ActiveCfg = Release|Any CPU
		{088A504D-A3FB-4122-916D-7E576CFF8EFF}.Release|x86.Build.0 = Release|Any CPU
		{FBC86B7C-63AA-48D4-AE3D-7E07742E2FAF}.Debug|Any CPU.ActiveCfg = Debug|Any CPU
		{FBC86B7C-63AA-48D4-AE3D-7E07742E2FAF}.Debug|Any CPU.Build.0 = Debug|Any CPU
		{FBC86B7C-63AA-48D4-AE3D-7E07742E2FAF}.Debug|x64.ActiveCfg = Debug|Any CPU
		{FBC86B7C-63AA-48D4-AE3D-7E07742E2FAF}.Debug|x64.Build.0 = Debug|Any CPU
		{FBC86B7C-63AA-48D4-AE3D-7E07742E2FAF}.Debug|x86.ActiveCfg = Debug|Any CPU
		{FBC86B7C-63AA-48D4-AE3D-7E07742E2FAF}.Debug|x86.Build.0 = Debug|Any CPU
		{FBC86B7C-63AA-48D4-AE3D-7E07742E2FAF}.Release|Any CPU.ActiveCfg = Release|Any CPU
		{FBC86B7C-63AA-48D4-AE3D-7E07742E2FAF}.Release|Any CPU.Build.0 = Release|Any CPU
		{FBC86B7C-63AA-48D4-AE3D-7E07742E2FAF}.Release|x64.ActiveCfg = Release|Any CPU
		{FBC86B7C-63AA-48D4-AE3D-7E07742E2FAF}.Release|x64.Build.0 = Release|Any CPU
		{FBC86B7C-63AA-48D4-AE3D-7E07742E2FAF}.Release|x86.ActiveCfg = Release|Any CPU
		{FBC86B7C-63AA-48D4-AE3D-7E07742E2FAF}.Release|x86.Build.0 = Release|Any CPU
		{6B25C424-51E3-43FC-9D13-B649F2427074}.Debug|Any CPU.ActiveCfg = Debug|Any CPU
		{6B25C424-51E3-43FC-9D13-B649F2427074}.Debug|Any CPU.Build.0 = Debug|Any CPU
		{6B25C424-51E3-43FC-9D13-B649F2427074}.Debug|x64.ActiveCfg = Debug|Any CPU
		{6B25C424-51E3-43FC-9D13-B649F2427074}.Debug|x64.Build.0 = Debug|Any CPU
		{6B25C424-51E3-43FC-9D13-B649F2427074}.Debug|x86.ActiveCfg = Debug|Any CPU
		{6B25C424-51E3-43FC-9D13-B649F2427074}.Debug|x86.Build.0 = Debug|Any CPU
		{6B25C424-51E3-43FC-9D13-B649F2427074}.Release|Any CPU.ActiveCfg = Release|Any CPU
		{6B25C424-51E3-43FC-9D13-B649F2427074}.Release|Any CPU.Build.0 = Release|Any CPU
		{6B25C424-51E3-43FC-9D13-B649F2427074}.Release|x64.ActiveCfg = Release|Any CPU
		{6B25C424-51E3-43FC-9D13-B649F2427074}.Release|x64.Build.0 = Release|Any CPU
		{6B25C424-51E3-43FC-9D13-B649F2427074}.Release|x86.ActiveCfg = Release|Any CPU
		{6B25C424-51E3-43FC-9D13-B649F2427074}.Release|x86.Build.0 = Release|Any CPU
		{61059588-25F6-4EA0-9CB5-562A9C74D31A}.Debug|Any CPU.ActiveCfg = Debug|Any CPU
		{61059588-25F6-4EA0-9CB5-562A9C74D31A}.Debug|Any CPU.Build.0 = Debug|Any CPU
		{61059588-25F6-4EA0-9CB5-562A9C74D31A}.Debug|x64.ActiveCfg = Debug|Any CPU
		{61059588-25F6-4EA0-9CB5-562A9C74D31A}.Debug|x64.Build.0 = Debug|Any CPU
		{61059588-25F6-4EA0-9CB5-562A9C74D31A}.Debug|x86.ActiveCfg = Debug|Any CPU
		{61059588-25F6-4EA0-9CB5-562A9C74D31A}.Debug|x86.Build.0 = Debug|Any CPU
		{61059588-25F6-4EA0-9CB5-562A9C74D31A}.Release|Any CPU.ActiveCfg = Release|Any CPU
		{61059588-25F6-4EA0-9CB5-562A9C74D31A}.Release|Any CPU.Build.0 = Release|Any CPU
		{61059588-25F6-4EA0-9CB5-562A9C74D31A}.Release|x64.ActiveCfg = Release|Any CPU
		{61059588-25F6-4EA0-9CB5-562A9C74D31A}.Release|x64.Build.0 = Release|Any CPU
		{61059588-25F6-4EA0-9CB5-562A9C74D31A}.Release|x86.ActiveCfg = Release|Any CPU
		{61059588-25F6-4EA0-9CB5-562A9C74D31A}.Release|x86.Build.0 = Release|Any CPU
	EndGlobalSection
	GlobalSection(SolutionProperties) = preSolution
		HideSolutionNode = FALSE
	EndGlobalSection
	GlobalSection(NestedProjects) = preSolution
		{1BFE7A0A-A7FF-918B-AB40-CAC0B09D99F7} = {6A34B47C-8949-D757-0BFD-6F045E274AA0}
		{FBDEFEB4-976C-4ECC-A686-1643CD679E4F} = {1BFE7A0A-A7FF-918B-AB40-CAC0B09D99F7}
		{2D9A0CAF-FC57-AB9C-0DE5-811F3971C663} = {F56195D5-0657-A4D3-7939-7DC206DAF378}
		{FAA65543-5A2F-4398-B4C0-2AD4FE6BC3D8} = {2D9A0CAF-FC57-AB9C-0DE5-811F3971C663}
		{2DF3F78A-F409-38C5-D4D6-AB5757DBE16D} = {0A716699-F0BA-8EBE-F322-F9843F357056}
		{AC101834-7C0A-4F3F-9029-E28207AD01A5} = {2DF3F78A-F409-38C5-D4D6-AB5757DBE16D}
		{A7AA552D-F2E1-41F4-A98C-8D858B0660B2} = {07C2787E-EAC7-C090-1BA3-A61EC2A24D84}
		{D0849E47-4604-790C-87B4-E291B0379C80} = {92EBE985-C9FF-D6CB-C46E-1832DD40CEA9}
		{088A504D-A3FB-4122-916D-7E576CFF8EFF} = {D0849E47-4604-790C-87B4-E291B0379C80}
		{75E15136-5922-E85E-49C6-4636E00FDBCE} = {54FEE8B9-25C5-5173-2B93-433F23BE139B}
		{FBC86B7C-63AA-48D4-AE3D-7E07742E2FAF} = {75E15136-5922-E85E-49C6-4636E00FDBCE}
		{773C1154-FC93-2ABC-AADC-A5D7068CBEEC} = {AF5182FD-2F40-F316-5602-8433FA1A4899}
		{6B25C424-51E3-43FC-9D13-B649F2427074} = {773C1154-FC93-2ABC-AADC-A5D7068CBEEC}
		{C192F896-DDF6-7872-455E-56C0A5C59CFA} = {80E1B5D5-3C1C-045E-6299-E41D53816282}
		{61059588-25F6-4EA0-9CB5-562A9C74D31A} = {C192F896-DDF6-7872-455E-56C0A5C59CFA}
	EndGlobalSection
EndGlobal
